
Microsoft Visual Studio Solution File, Format Version 11.00
# Visual Studio 2010
Project("{FAE04EC0-301F-11D3-BF4B-00C04F79EFBC}") = "MahApps.Twitter.WP7", "WP7\MahApps.Twitter.WP7.csproj", "{5ECD7305-595D-4BA3-8D9E-D028610F41E1}"
EndProject
Project("{FAE04EC0-301F-11D3-BF4B-00C04F79EFBC}") = "MahApps.Twitter.NET40", "NET40\MahApps.Twitter.NET40.csproj", "{24A55C77-8F34-47E6-9283-1F42D4F5CB50}"
EndProject
Global
	GlobalSection(SolutionConfigurationPlatforms) = preSolution
		Debug|Any CPU = Debug|Any CPU
		Release|Any CPU = Release|Any CPU
	EndGlobalSection
	GlobalSection(ProjectConfigurationPlatforms) = postSolution
		{5ECD7305-595D-4BA3-8D9E-D028610F41E1}.Debug|Any CPU.ActiveCfg = Debug|Any CPU
		{5ECD7305-595D-4BA3-8D9E-D028610F41E1}.Debug|Any CPU.Build.0 = Debug|Any CPU
		{5ECD7305-595D-4BA3-8D9E-D028610F41E1}.Release|Any CPU.ActiveCfg = Release|Any CPU
		{5ECD7305-595D-4BA3-8D9E-D028610F41E1}.Release|Any CPU.Build.0 = Release|Any CPU
		{24A55C77-8F34-47E6-9283-1F42D4F5CB50}.Debug|Any CPU.ActiveCfg = Debug|Any CPU
		{24A55C77-8F34-47E6-9283-1F42D4F5CB50}.Debug|Any CPU.Build.0 = Debug|Any CPU
		{24A55C77-8F34-47E6-9283-1F42D4F5CB50}.Release|Any CPU.ActiveCfg = Release|Any CPU
		{24A55C77-8F34-47E6-9283-1F42D4F5CB50}.Release|Any CPU.Build.0 = Release|Any CPU
	EndGlobalSection
	GlobalSection(SolutionProperties) = preSolution
		HideSolutionNode = FALSE
	EndGlobalSection
EndGlobal
